
Microsoft Visual Studio Solution File, Format Version 12.00
# Visual Studio Version 17
VisualStudioVersion = 17.0.31919.166
MinimumVisualStudioVersion = 10.0.40219.1
Project("{FAE04EC0-301F-11D3-BF4B-00C04F79EFBC}") = "CoffeeOnDemandSolution.OrdersService", "CoffeeOnDemandSolution.OrdersService\CoffeeOnDemandSolution.OrdersService.csproj", "{3897348E-4BA7-4E4C-B424-789DD39BD1BC}"
EndProject
Project("{FAE04EC0-301F-11D3-BF4B-00C04F79EFBC}") = "CoffeeOnDemandSolution.StoresService", "CoffeeOnDemandSolution.StoresService\CoffeeOnDemandSolution.StoresService.csproj", "{B163E19A-8851-4A73-8135-B52B3330F065}"
EndProject
Project("{FAE04EC0-301F-11D3-BF4B-00C04F79EFBC}") = "CoffeeOnDemandSolution.PaymentService", "CoffeeOnDemandSolution.PaymentService\CoffeeOnDemandSolution.PaymentService.csproj", "{770AE1CA-6224-4D1B-BBE6-FC38ED03F142}"
EndProject
Project("{FAE04EC0-301F-11D3-BF4B-00C04F79EFBC}") = "CoffeeOnDemandSolution.Common", "CoffeeOnDemandSolution.Common\CoffeeOnDemandSolution.Common.csproj", "{289C5206-5C4A-4A7B-9941-0CD772B422B5}"
EndProject
Global
	GlobalSection(SolutionConfigurationPlatforms) = preSolution
		Debug|Any CPU = Debug|Any CPU
		Release|Any CPU = Release|Any CPU
	EndGlobalSection
	GlobalSection(ProjectConfigurationPlatforms) = postSolution
		{3897348E-4BA7-4E4C-B424-789DD39BD1BC}.Debug|Any CPU.ActiveCfg = Debug|Any CPU
		{3897348E-4BA7-4E4C-B424-789DD39BD1BC}.Debug|Any CPU.Build.0 = Debug|Any CPU
		{3897348E-4BA7-4E4C-B424-789DD39BD1BC}.Release|Any CPU.ActiveCfg = Release|Any CPU
		{3897348E-4BA7-4E4C-B424-789DD39BD1BC}.Release|Any CPU.Build.0 = Release|Any CPU
		{B163E19A-8851-4A73-8135-B52B3330F065}.Debug|Any CPU.ActiveCfg = Debug|Any CPU
		{B163E19A-8851-4A73-8135-B52B3330F065}.Debug|Any CPU.Build.0 = Debug|Any CPU
		{B163E19A-8851-4A73-8135-B52B3330F065}.Release|Any CPU.ActiveCfg = Release|Any CPU
		{B163E19A-8851-4A73-8135-B52B3330F065}.Release|Any CPU.Build.0 = Release|Any CPU
		{770AE1CA-6224-4D1B-BBE6-FC38ED03F142}.Debug|Any CPU.ActiveCfg = Debug|Any CPU
		{770AE1CA-6224-4D1B-BBE6-FC38ED03F142}.Debug|Any CPU.Build.0 = Debug|Any CPU
		{770AE1CA-6224-4D1B-BBE6-FC38ED03F142}.Release|Any CPU.ActiveCfg = Release|Any CPU
		{770AE1CA-6224-4D1B-BBE6-FC38ED03F142}.Release|Any CPU.Build.0 = Release|Any CPU
		{289C5206-5C4A-4A7B-9941-0CD772B422B5}.Debug|Any CPU.ActiveCfg = Debug|Any CPU
		{289C5206-5C4A-4A7B-9941-0CD772B422B5}.Debug|Any CPU.Build.0 = Debug|Any CPU
		{289C5206-5C4A-4A7B-9941-0CD772B422B5}.Release|Any CPU.ActiveCfg = Release|Any CPU
		{289C5206-5C4A-4A7B-9941-0CD772B422B5}.Release|Any CPU.Build.0 = Release|Any CPU
	EndGlobalSection
	GlobalSection(SolutionProperties) = preSolution
		HideSolutionNode = FALSE
	EndGlobalSection
	GlobalSection(ExtensibilityGlobals) = postSolution
		SolutionGuid = {80D92CD3-F97D-462B-933D-2F131EE8EFC2}
	EndGlobalSection
EndGlobal
